
Microsoft Visual Studio Solution File, Format Version 12.00
# Visual Studio Version 17
VisualStudioVersion = 17.11.35219.272
MinimumVisualStudioVersion = 10.0.40219.1
Project("{FAE04EC0-301F-11D3-BF4B-00C04F79EFBC}") = "FoodStoreAPI", "FoodStoreAPI\FoodStoreAPI.csproj", "{2C364568-2136-4246-B6EB-10A745B20824}"
EndProject
Global
	GlobalSection(SolutionConfigurationPlatforms) = preSolution
		Debug|Any CPU = Debug|Any CPU
		Release|Any CPU = Release|Any CPU
	EndGlobalSection
	GlobalSection(ProjectConfigurationPlatforms) = postSolution
		{2C364568-2136-4246-B6EB-10A745B20824}.Debug|Any CPU.ActiveCfg = Debug|Any CPU
		{2C364568-2136-4246-B6EB-10A745B20824}.Debug|Any CPU.Build.0 = Debug|Any CPU
		{2C364568-2136-4246-B6EB-10A745B20824}.Release|Any CPU.ActiveCfg = Release|Any CPU
		{2C364568-2136-4246-B6EB-10A745B20824}.Release|Any CPU.Build.0 = Release|Any CPU
	EndGlobalSection
	GlobalSection(SolutionProperties) = preSolution
		HideSolutionNode = FALSE
	EndGlobalSection
	GlobalSection(ExtensibilityGlobals) = postSolution
		SolutionGuid = {C79C1724-C6E7-4AFC-A950-03BC3F79987D}
	EndGlobalSection
EndGlobal
